
Microsoft Visual Studio Solution File, Format Version 12.00
# Visual Studio Version 17
VisualStudioVersion = 17.3.32819.101
MinimumVisualStudioVersion = 10.0.40219.1
Project("{FAE04EC0-301F-11D3-BF4B-00C04F79EFBC}") = "MvcProject", "MvcProject\MvcProject.csproj", "{F1DF6D2E-46C0-4FCA-893B-F778BFD1DEBA}"
EndProject
Global
	GlobalSection(SolutionConfigurationPlatforms) = preSolution
		Debug|Any CPU = Debug|Any CPU
		Release|Any CPU = Release|Any CPU
	EndGlobalSection
	GlobalSection(ProjectConfigurationPlatforms) = postSolution
		{F1DF6D2E-46C0-4FCA-893B-F778BFD1DEBA}.Debug|Any CPU.ActiveCfg = Debug|Any CPU
		{F1DF6D2E-46C0-4FCA-893B-F778BFD1DEBA}.Debug|Any CPU.Build.0 = Debug|Any CPU
		{F1DF6D2E-46C0-4FCA-893B-F778BFD1DEBA}.Release|Any CPU.ActiveCfg = Release|Any CPU
		{F1DF6D2E-46C0-4FCA-893B-F778BFD1DEBA}.Release|Any CPU.Build.0 = Release|Any CPU
	EndGlobalSection
	GlobalSection(SolutionProperties) = preSolution
		HideSolutionNode = FALSE
	EndGlobalSection
	GlobalSection(ExtensibilityGlobals) = postSolution
		SolutionGuid = {B5BB0231-8904-4999-AA8C-3B52474DFA22}
	EndGlobalSection
EndGlobal
